<?xml version="1.0" encoding="utf-8"?>
<Project ToolsVersion="4.0" xmlns="http://schemas.microsoft.com/developer/msbuild/2003">
  <ItemGroup>
    <Filter Include="Source Files">
      <UniqueIdentifier>{4FC737F1-C7A5-4376-A066-2A32D752A2FF}</UniqueIdentifier>
      <Extensions>cpp;c;cc;cxx;def;odl;idl;hpj;bat;asm;asmx</Extensions>
    </Filter>
    <Filter Include="Header Files">
      <UniqueIdentifier>{93995380-89BD-4b04-88EB-625FBE52EBFB}</UniqueIdentifier>
      <Extensions>h;hh;hpp;hxx;hm;inl;inc;xsd</Extensions>
    </Filter>
    <Filter Include="Resource Files">
      <UniqueIdentifier>{67DA6AB6-F800-4c08-8B7A-83BB121AAD01}</UniqueIdentifier>
      <Extensions>rc;ico;cur;bmp;dlg;rc2;rct;bin;rgs;gif;jpg;jpeg;jpe;resx;tiff;tif;png;wav;mfcribbon-ms</Extensions>
    </Filter>
  </ItemGroup>
  <ItemGroup>
    <ClCompile Include="main.cpp">
      <Filter>Source Files</Filter>
    </ClCompile>
    <ClCompile Include="shadyengine\app_manager.cpp">
      <Filter>Source Files</Filter>
    </ClCompile>
    <ClCompile Include="shadyengine\application.cpp">
      <Filter>Source Files</Filter>
    </ClCompile>
    <ClCompile Include="shadyengine\debugger.cpp">
      <Filter>Source Files</Filter>
    </ClCompile>
    <ClCompile Include="shadyengine\logger.cpp">
      <Filter>Source Files</Filter>
    </ClCompile>
    <ClCompile Include="shadyengine\random.cpp">
      <Filter>Source Files</Filter>
    </ClCompile>
    <ClCompile Include="shadyengine\resources.cpp">
      <Filter>Source Files</Filter>
    </ClCompile>
    <ClCompile Include="shadyengine\shader.cpp">
      <Filter>Source Files</Filter>
    </ClCompile>
    <ClCompile Include="shadyengine\sound_manager.cpp">
      <Filter>Source Files</Filter>
    </ClCompile>
    <ClCompile Include="shadyengine\sprite_renderer.cpp">
      <Filter>Source Files</Filter>
    </ClCompile>
    <ClCompile Include="shadyengine\text_renderer.cpp">
      <Filter>Source Files</Filter>
    </ClCompile>
    <ClCompile Include="shadyengine\texture2D.cpp">
      <Filter>Source Files</Filter>
    </ClCompile>
    <ClCompile Include="shadyengine\timer.cpp">
      <Filter>Source Files</Filter>
    </ClCompile>
    <ClCompile Include="Game.cpp">
      <Filter>Source Files</Filter>
    </ClCompile>
    <ClCompile Include="Camera.cpp">
      <Filter>Source Files</Filter>
    </ClCompile>
    <ClCompile Include="GameEntity.cpp">
      <Filter>Source Files</Filter>
    </ClCompile>
    <ClCompile Include="level_manager.cpp">
      <Filter>Source Files</Filter>
    </ClCompile>
    <ClCompile Include="map_loader.cpp">
      <Filter>Source Files</Filter>
    </ClCompile>
    <ClCompile Include="tinyxml2.cpp">
      <Filter>Source Files</Filter>
    </ClCompile>
    <ClCompile Include="AABB.cpp">
      <Filter>Source Files</Filter>
    </ClCompile>
    <ClCompile Include="orb.cpp">
      <Filter>Source Files</Filter>
    </ClCompile>
    <ClCompile Include="Snake.cpp">
      <Filter>Source Files</Filter>
    </ClCompile>
    <ClCompile Include="EnemySnake.cpp">
      <Filter>Source Files</Filter>
    </ClCompile>
    <ClCompile Include="shadyengine\particles_renderer.cpp">
      <Filter>Source Files</Filter>
    </ClCompile>
    <ClCompile Include="quadtree.cpp">
      <Filter>Source Files</Filter>
    </ClCompile>
    <ClCompile Include="animation.cpp">
      <Filter>Source Files</Filter>
    </ClCompile>
    <ClCompile Include="explosion.cpp">
      <Filter>Source Files</Filter>
    </ClCompile>
    <ClCompile Include="wave_point.cpp">
      <Filter>Source Files</Filter>
    </ClCompile>
    <ClCompile Include="wave.cpp">
      <Filter>Source Files</Filter>
    </ClCompile>
  </ItemGroup>
  <ItemGroup>
    <ClInclude Include="shadyengine\app_manager.h">
      <Filter>Header Files</Filter>
    </ClInclude>
    <ClInclude Include="shadyengine\application.h">
      <Filter>Header Files</Filter>
    </ClInclude>
    <ClInclude Include="shadyengine\debugger.h">
      <Filter>Header Files</Filter>
    </ClInclude>
    <ClInclude Include="shadyengine\logger.h">
      <Filter>Header Files</Filter>
    </ClInclude>
    <ClInclude Include="shadyengine\random.h">
      <Filter>Header Files</Filter>
    </ClInclude>
    <ClInclude Include="shadyengine\resources.h">
      <Filter>Header Files</Filter>
    </ClInclude>
    <ClInclude Include="shadyengine\shader.h">
      <Filter>Header Files</Filter>
    </ClInclude>
    <ClInclude Include="shadyengine\sound_manager.h">
      <Filter>Header Files</Filter>
    </ClInclude>
    <ClInclude Include="shadyengine\sprite_renderer.h">
      <Filter>Header Files</Filter>
    </ClInclude>
    <ClInclude Include="shadyengine\text_renderer.h">
      <Filter>Header Files</Filter>
    </ClInclude>
    <ClInclude Include="shadyengine\texture2D.h">
      <Filter>Header Files</Filter>
    </ClInclude>
    <ClInclude Include="shadyengine\timer.h">
      <Filter>Header Files</Filter>
    </ClInclude>
    <ClInclude Include="Game.h">
      <Filter>Header Files</Filter>
    </ClInclude>
    <ClInclude Include="Globals.h">
      <Filter>Header Files</Filter>
    </ClInclude>
    <ClInclude Include="Camera.h">
      <Filter>Header Files</Filter>
    </ClInclude>
    <ClInclude Include="GameEntity.h">
      <Filter>Header Files</Filter>
    </ClInclude>
    <ClInclude Include="Level.h">
      <Filter>Header Files</Filter>
    </ClInclude>
    <ClInclude Include="level_manager.h">
      <Filter>Header Files</Filter>
    </ClInclude>
    <ClInclude Include="map_loader.h">
      <Filter>Header Files</Filter>
    </ClInclude>
    <ClInclude Include="tinyxml2.h">
      <Filter>Header Files</Filter>
    </ClInclude>
    <ClInclude Include="AABB.h">
      <Filter>Header Files</Filter>
    </ClInclude>
    <ClInclude Include="orb.h">
      <Filter>Header Files</Filter>
    </ClInclude>
    <ClInclude Include="Snake.h">
      <Filter>Header Files</Filter>
    </ClInclude>
    <ClInclude Include="EnemySnake.h">
      <Filter>Header Files</Filter>
    </ClInclude>
    <ClInclude Include="shadyengine\particles_renderer.h">
      <Filter>Header Files</Filter>
    </ClInclude>
    <ClInclude Include="quadtree.h">
      <Filter>Header Files</Filter>
    </ClInclude>
    <ClInclude Include="animation.h">
      <Filter>Header Files</Filter>
    </ClInclude>
    <ClInclude Include="explosion.h">
      <Filter>Header Files</Filter>
    </ClInclude>
    <ClInclude Include="wave_point.h">
      <Filter>Header Files</Filter>
    </ClInclude>
    <ClInclude Include="wave.h">
      <Filter>Header Files</Filter>
    </ClInclude>
  </ItemGroup>
  <ItemGroup>
    <Text Include="shadyengine\imp points.txt" />
    <Text Include="log.txt" />
  </ItemGroup>
  <ItemGroup>
    <None Include="bitmap fonts\gothic.fnt" />
    <None Include="shadyengine\shaders\batch_renderer_fs.glsl" />
    <None Include="shadyengine\shaders\batch_renderer_vs.glsl" />
    <None Include="shadyengine\shaders\particles_renderer_fs.glsl" />
    <None Include="shadyengine\shaders\particles_renderer_vs.glsl" />
    <None Include="shadyengine\shaders\sprite_renderer_fs.glsl" />
    <None Include="shadyengine\shaders\sprite_renderer_vs.glsl" />
    <None Include="shadyengine\shaders\text_renderer_fs.glsl" />
    <None Include="shadyengine\shaders\text_renderer_vs.glsl" />
    <None Include="shaders\circle_fs.glsl" />
    <None Include="shaders\circle_vs.glsl" />
    <None Include="levels\level.tmx" />
  </ItemGroup>
</Project>